
Microsoft Visual Studio Solution File, Format Version 12.00
# Visual Studio Version 16
VisualStudioVersion = 16.0.30503.244
MinimumVisualStudioVersion = 10.0.40219.1
Project("{FAE04EC0-301F-11D3-BF4B-00C04F79EFBC}") = "CodeWars", "CodeWars.csproj", "{CC37AEFF-2A35-4E48-B34B-B9D49E083D7C}"
EndProject
Global
	GlobalSection(SolutionConfigurationPlatforms) = preSolution
		Debug|Any CPU = Debug|Any CPU
		Release|Any CPU = Release|Any CPU
	EndGlobalSection
	GlobalSection(ProjectConfigurationPlatforms) = postSolution
		{CC37AEFF-2A35-4E48-B34B-B9D49E083D7C}.Debug|Any CPU.ActiveCfg = Debug|Any CPU
		{CC37AEFF-2A35-4E48-B34B-B9D49E083D7C}.Debug|Any CPU.Build.0 = Debug|Any CPU
		{CC37AEFF-2A35-4E48-B34B-B9D49E083D7C}.Release|Any CPU.ActiveCfg = Release|Any CPU
		{CC37AEFF-2A35-4E48-B34B-B9D49E083D7C}.Release|Any CPU.Build.0 = Release|Any CPU
	EndGlobalSection
	GlobalSection(SolutionProperties) = preSolution
		HideSolutionNode = FALSE
	EndGlobalSection
	GlobalSection(ExtensibilityGlobals) = postSolution
		SolutionGuid = {E6FC118E-5292-4930-A909-84C118D784AA}
	EndGlobalSection
EndGlobal
